// !$*UTF8*$!
{
	archiveVersion = 1;
	classes = {
	};
	objectVersion = 46;
	objects = {

/* Begin PBXBuildFile section */
		268145AB1D019D1B00E1F730 /* UIViewController+BarButtonItem.m in Sources */ = {isa = PBXBuildFile; fileRef = 268145AA1D019D1B00E1F730 /* UIViewController+BarButtonItem.m */; };
		26F162801D017E5000F8DE61 /* main.m in Sources */ = {isa = PBXBuildFile; fileRef = 26F1627F1D017E5000F8DE61 /* main.m */; };
		26F162831D017E5000F8DE61 /* AppDelegate.m in Sources */ = {isa = PBXBuildFile; fileRef = 26F162821D017E5000F8DE61 /* AppDelegate.m */; };
		26F162861D017E5000F8DE61 /* ViewController.m in Sources */ = {isa = PBXBuildFile; fileRef = 26F162851D017E5000F8DE61 /* ViewController.m */; };
		26F162891D017E5000F8DE61 /* Main.storyboard in Resources */ = {isa = PBXBuildFile; fileRef = 26F162871D017E5000F8DE61 /* Main.storyboard */; };
		26F1628B1D017E5000F8DE61 /* Assets.xcassets in Resources */ = {isa = PBXBuildFile; fileRef = 26F1628A1D017E5000F8DE61 /* Assets.xcassets */; };
		26F1628E1D017E5000F8DE61 /* LaunchScreen.storyboard in Resources */ = {isa = PBXBuildFile; fileRef = 26F1628C1D017E5000F8DE61 /* LaunchScreen.storyboard */; };
		26F162B71D01881000F8DE61 /* DemoViewController.m in Sources */ = {isa = PBXBuildFile; fileRef = 26F162B61D01881000F8DE61 /* DemoViewController.m */; };
		26F162BA1D018B3E00F8DE61 /* NavigationController.m in Sources */ = {isa = PBXBuildFile; fileRef = 26F162B91D018B3E00F8DE61 /* NavigationController.m */; };
/* End PBXBuildFile section */

/* Begin PBXContainerItemProxy section */
		26F162951D017E5000F8DE61 /* PBXContainerItemProxy */ = {
			isa = PBXContainerItemProxy;
			containerPortal = 26F162731D017E5000F8DE61 /* Project object */;
			proxyType = 1;
			remoteGlobalIDString = 26F1627A1D017E5000F8DE61;
			remoteInfo = Demo;
		};
		26F162A01D017E5000F8DE61 /* PBXContainerItemProxy */ = {
			isa = PBXContainerItemProxy;
			containerPortal = 26F162731D017E5000F8DE61 /* Project object */;
			proxyType = 1;
			remoteGlobalIDString = 26F1627A1D017E5000F8DE61;
			remoteInfo = Demo;
		};
/* End PBXContainerItemProxy section */

/* Begin PBXFileReference section */
		268145A91D019D1B00E1F730 /* UIViewController+BarButtonItem.h */ = {isa = PBXFileReference; fileEncoding = 4; lastKnownFileType = sourcecode.c.h; path = "UIViewController+BarButtonItem.h"; sourceTree = "<group>"; };
		268145AA1D019D1B00E1F730 /* UIViewController+BarButtonItem.m */ = {isa = PBXFileReference; fileEncoding = 4; lastKnownFileType = sourcecode.c.objc; path = "UIViewController+BarButtonItem.m"; sourceTree = "<group>"; };
		26F1627B1D017E5000F8DE61 /* Demo.app */ = {isa = PBXFileReference; explicitFileType = wrapper.application; includeInIndex = 0; path = Demo.app; sourceTree = BUILT_PRODUCTS_DIR; };
		26F1627F1D017E5000F8DE61 /* main.m */ = {isa = PBXFileReference; lastKnownFileType = sourcecode.c.objc; path = main.m; sourceTree = "<group>"; };
		26F162811D017E5000F8DE61 /* AppDelegate.h */ = {isa = PBXFileReference; lastKnownFileType = sourcecode.c.h; path = AppDelegate.h; sourceTree = "<group>"; };
		26F162821D017E5000F8DE61 /* AppDelegate.m */ = {isa = PBXFileReference; lastKnownFileType = sourcecode.c.objc; path = AppDelegate.m; sourceTree = "<group>"; };
		26F162841D017E5000F8DE61 /* ViewController.h */ = {isa = PBXFileReference; lastKnownFileType = sourcecode.c.h; path = ViewController.h; sourceTree = "<group>"; };
		26F162851D017E5000F8DE61 /* ViewController.m */ = {isa = PBXFileReference; lastKnownFileType = sourcecode.c.objc; path = ViewController.m; sourceTree = "<group>"; };
		26F162881D017E5000F8DE61 /* Base */ = {isa = PBXFileReference; lastKnownFileType = file.storyboard; name = Base; path = Base.lproj/Main.storyboard; sourceTree = "<group>"; };
		26F1628A1D017E5000F8DE61 /* Assets.xcassets */ = {isa = PBXFileReference; lastKnownFileType = folder.assetcatalog; path = Assets.xcassets; sourceTree = "<group>"; };
		26F1628D1D017E5000F8DE61 /* Base */ = {isa = PBXFileReference; lastKnownFileType = file.storyboard; name = Base; path = Base.lproj/LaunchScreen.storyboard; sourceTree = "<group>"; };
		26F1628F1D017E5000F8DE61 /* Info.plist */ = {isa = PBXFileReference; lastKnownFileType = text.plist.xml; path = Info.plist; sourceTree = "<group>"; };
		26F162941D017E5000F8DE61 /* DemoTests.xctest */ = {isa = PBXFileReference; explicitFileType = wrapper.cfbundle; includeInIndex = 0; path = DemoTests.xctest; sourceTree = BUILT_PRODUCTS_DIR; };
		26F1629F1D017E5000F8DE61 /* DemoUITests.xctest */ = {isa = PBXFileReference; explicitFileType = wrapper.cfbundle; includeInIndex = 0; path = DemoUITests.xctest; sourceTree = BUILT_PRODUCTS_DIR; };
		26F162B51D01881000F8DE61 /* DemoViewController.h */ = {isa = PBXFileReference; fileEncoding = 4; lastKnownFileType = sourcecode.c.h; path = DemoViewController.h; sourceTree = "<group>"; };
		26F162B61D01881000F8DE61 /* DemoViewController.m */ = {isa = PBXFileReference; fileEncoding = 4; lastKnownFileType = sourcecode.c.objc; path = DemoViewController.m; sourceTree = "<group>"; };
		26F162B81D018B3E00F8DE61 /* NavigationController.h */ = {isa = PBXFileReference; fileEncoding = 4; lastKnownFileType = sourcecode.c.h; path = NavigationController.h; sourceTree = "<group>"; };
		26F162B91D018B3E00F8DE61 /* NavigationController.m */ = {isa = PBXFileReference; fileEncoding = 4; lastKnownFileType = sourcecode.c.objc; path = NavigationController.m; sourceTree = "<group>"; };
/* End PBXFileReference section */

/* Begin PBXFrameworksBuildPhase section */
		26F162781D017E5000F8DE61 /* Frameworks */ = {
			isa = PBXFrameworksBuildPhase;
			buildActionMask = 2147483647;
			files = (
			);
			runOnlyForDeploymentPostprocessing = 0;
		};
		26F162911D017E5000F8DE61 /* Frameworks */ = {
			isa = PBXFrameworksBuildPhase;
			buildActionMask = 2147483647;
			files = (
			);
			runOnlyForDeploymentPostprocessing = 0;
		};
		26F1629C1D017E5000F8DE61 /* Frameworks */ = {
			isa = PBXFrameworksBuildPhase;
			buildActionMask = 2147483647;
			files = (
			);
			runOnlyForDeploymentPostprocessing = 0;
		};
/* End PBXFrameworksBuildPhase section */

/* Begin PBXGroup section */
		268145A81D019D1B00E1F730 /* UIViewController+UIBarButtonItem */ = {
			isa = PBXGroup;
			children = (
				268145A91D019D1B00E1F730 /* UIViewController+BarButtonItem.h */,
				268145AA1D019D1B00E1F730 /* UIViewController+BarButtonItem.m */,
			);
			path = "UIViewController+UIBarButtonItem";
			sourceTree = "<group>";
		};
		26F162721D017E5000F8DE61 = {
			isa = PBXGroup;
			children = (
				268145A81D019D1B00E1F730 /* UIViewController+UIBarButtonItem */,
				26F1627D1D017E5000F8DE61 /* Demo */,
				26F1627C1D017E5000F8DE61 /* Products */,
			);
			sourceTree = "<group>";
		};
		26F1627C1D017E5000F8DE61 /* Products */ = {
			isa = PBXGroup;
			children = (
				26F1627B1D017E5000F8DE61 /* Demo.app */,
				26F162941D017E5000F8DE61 /* DemoTests.xctest */,
				26F1629F1D017E5000F8DE61 /* DemoUITests.xctest */,
			);
			name = Products;
			sourceTree = "<group>";
		};
		26F1627D1D017E5000F8DE61 /* Demo */ = {
			isa = PBXGroup;
			children = (
				26F162811D017E5000F8DE61 /* AppDelegate.h */,
				26F162821D017E5000F8DE61 /* AppDelegate.m */,
				26F162841D017E5000F8DE61 /* ViewController.h */,
				26F162851D017E5000F8DE61 /* ViewController.m */,
				26F162B51D01881000F8DE61 /* DemoViewController.h */,
				26F162B61D01881000F8DE61 /* DemoViewController.m */,
				26F162B81D018B3E00F8DE61 /* NavigationController.h */,
				26F162B91D018B3E00F8DE61 /* NavigationController.m */,
				26F162871D017E5000F8DE61 /* Main.storyboard */,
				26F1628A1D017E5000F8DE61 /* Assets.xcassets */,
				26F1628C1D017E5000F8DE61 /* LaunchScreen.storyboard */,
				26F1628F1D017E5000F8DE61 /* Info.plist */,
				26F1627E1D017E5000F8DE61 /* Supporting Files */,
			);
			path = Demo;
			sourceTree = "<group>";
		};
		26F1627E1D017E5000F8DE61 /* Supporting Files */ = {
			isa = PBXGroup;
			children = (
				26F1627F1D017E5000F8DE61 /* main.m */,
			);
			name = "Supporting Files";
			sourceTree = "<group>";
		};
/* End PBXGroup section */

/* Begin PBXNativeTarget section */
		26F1627A1D017E5000F8DE61 /* Demo */ = {
			isa = PBXNativeTarget;
			buildConfigurationList = 26F162A81D017E5000F8DE61 /* Build configuration list for PBXNativeTarget "Demo" */;
			buildPhases = (
				26F162771D017E5000F8DE61 /* Sources */,
				26F162781D017E5000F8DE61 /* Frameworks */,
				26F162791D017E5000F8DE61 /* Resources */,
			);
			buildRules = (
			);
			dependencies = (
			);
			name = Demo;
			productName = Demo;
			productReference = 26F1627B1D017E5000F8DE61 /* Demo.app */;
			productType = "com.apple.product-type.application";
		};
		26F162931D017E5000F8DE61 /* DemoTests */ = {
			isa = PBXNativeTarget;
			buildConfigurationList = 26F162AB1D017E5000F8DE61 /* Build configuration list for PBXNativeTarget "DemoTests" */;
			buildPhases = (
				26F162901D017E5000F8DE61 /* Sources */,
				26F162911D017E5000F8DE61 /* Frameworks */,
				26F162921D017E5000F8DE61 /* Resources */,
			);
			buildRules = (
			);
			dependencies = (
				26F162961D017E5000F8DE61 /* PBXTargetDependency */,
			);
			name = DemoTests;
			productName = DemoTests;
			productReference = 26F162941D017E5000F8DE61 /* DemoTests.xctest */;
			productType = "com.apple.product-type.bundle.unit-test";
		};
		26F1629E1D017E5000F8DE61 /* DemoUITests */ = {
			isa = PBXNativeTarget;
			buildConfigurationList = 26F162AE1D017E5000F8DE61 /* Build configuration list for PBXNativeTarget "DemoUITests" */;
			buildPhases = (
				26F1629B1D017E5000F8DE61 /* Sources */,
				26F1629C1D017E5000F8DE61 /* Frameworks */,
				26F1629D1D017E5000F8DE61 /* Resources */,
			);
			buildRules = (
			);
			dependencies = (
				26F162A11D017E5000F8DE61 /* PBXTargetDependency */,
			);
			name = DemoUITests;
			productName = DemoUITests;
			productReference = 26F1629F1D017E5000F8DE61 /* DemoUITests.xctest */;
			productType = "com.apple.product-type.bundle.ui-testing";
		};
/* End PBXNativeTarget section */

/* Begin PBXProject section */
		26F162731D017E5000F8DE61 /* Project object */ = {
			isa = PBXProject;
			attributes = {
				LastUpgradeCheck = 0730;
				ORGANIZATIONNAME = WangChongyang;
				TargetAttributes = {
					26F1627A1D017E5000F8DE61 = {
						CreatedOnToolsVersion = 7.3.1;
					};
					26F162931D017E5000F8DE61 = {
						CreatedOnToolsVersion = 7.3.1;
						TestTargetID = 26F1627A1D017E5000F8DE61;
					};
					26F1629E1D017E5000F8DE61 = {
						CreatedOnToolsVersion = 7.3.1;
						TestTargetID = 26F1627A1D017E5000F8DE61;
					};
				};
			};
			buildConfigurationList = 26F162761D017E5000F8DE61 /* Build configuration list for PBXProject "Demo" */;
			compatibilityVersion = "Xcode 3.2";
			developmentRegion = English;
			hasScannedForEncodings = 0;
			knownRegions = (
				en,
				Base,
			);
			mainGroup = 26F162721D017E5000F8DE61;
			productRefGroup = 26F1627C1D017E5000F8DE61 /* Products */;
			projectDirPath = "";
			projectRoot = "";
			targets = (
				26F1627A1D017E5000F8DE61 /* Demo */,
				26F162931D017E5000F8DE61 /* DemoTests */,
				26F1629E1D017E5000F8DE61 /* DemoUITests */,
			);
		};
/* End PBXProject section */

/* Begin PBXResourcesBuildPhase section */
		26F162791D017E5000F8DE61 /* Resources */ = {
			isa = PBXResourcesBuildPhase;
			buildActionMask = 2147483647;
			files = (
				26F1628E1D017E5000F8DE61 /* LaunchScreen.storyboard in Resources */,
				26F1628B1D017E5000F8DE61 /* Assets.xcassets in Resources */,
				26F162891D017E5000F8DE61 /* Main.storyboard in Resources */,
			);
			runOnlyForDeploymentPostprocessing = 0;
		};
		26F162921D017E5000F8DE61 /* Resources */ = {
			isa = PBXResourcesBuildPhase;
			buildActionMask = 2147483647;
			files = (
			);
			runOnlyForDeploymentPostprocessing = 0;
		};
		26F1629D1D017E5000F8DE61 /* Resources */ = {
			isa = PBXResourcesBuildPhase;
			buildActionMask = 2147483647;
			files = (
			);
			runOnlyForDeploymentPostprocessing = 0;
		};
/* End PBXResourcesBuildPhase section */

/* Begin PBXSourcesBuildPhase section */
		26F162771D017E5000F8DE61 /* Sources */ = {
			isa = PBXSourcesBuildPhase;
			buildActionMask = 2147483647;
			files = (
				26F162861D017E5000F8DE61 /* ViewController.m in Sources */,
				26F162831D017E5000F8DE61 /* AppDelegate.m in Sources */,
				268145AB1D019D1B00E1F730 /* UIViewController+BarButtonItem.m in Sources */,
				26F162BA1D018B3E00F8DE61 /* NavigationController.m in Sources */,
				26F162B71D01881000F8DE61 /* DemoViewController.m in Sources */,
				26F162801D017E5000F8DE61 /* main.m in Sources */,
			);
			runOnlyForDeploymentPostprocessing = 0;
		};
		26F162901D017E5000F8DE61 /* Sources */ = {
			isa = PBXSourcesBuildPhase;
			buildActionMask = 2147483647;
			files = (
			);
			runOnlyForDeploymentPostprocessing = 0;
		};
		26F1629B1D017E5000F8DE61 /* Sources */ = {
			isa = PBXSourcesBuildPhase;
			buildActionMask = 2147483647;
			files = (
			);
			runOnlyForDeploymentPostprocessing = 0;
		};
/* End PBXSourcesBuildPhase section */

/* Begin PBXTargetDependency section */
		26F162961D017E5000F8DE61 /* PBXTargetDependency */ = {
			isa = PBXTargetDependency;
			target = 26F1627A1D017E5000F8DE61 /* Demo */;
			targetProxy = 26F162951D017E5000F8DE61 /* PBXContainerItemProxy */;
		};
		26F162A11D017E5000F8DE61 /* PBXTargetDependency */ = {
			isa = PBXTargetDependency;
			target = 26F1627A1D017E5000F8DE61 /* Demo */;
			targetProxy = 26F162A01D017E5000F8DE61 /* PBXContainerItemProxy */;
		};
/* End PBXTargetDependency section */

/* Begin PBXVariantGroup section */
		26F162871D017E5000F8DE61 /* Main.storyboard */ = {
			isa = PBXVariantGroup;
			children = (
				26F162881D017E5000F8DE61 /* Base */,
			);
			name = Main.storyboard;
			sourceTree = "<group>";
		};
		26F1628C1D017E5000F8DE61 /* LaunchScreen.storyboard */ = {
			isa = PBXVariantGroup;
			children = (
				26F1628D1D017E5000F8DE61 /* Base */,
			);
			name = LaunchScreen.storyboard;
			sourceTree = "<group>";
		};
/* End PBXVariantGroup section */

/* Begin XCBuildConfiguration section */
		26F162A61D017E5000F8DE61 /* Debug */ = {
			isa = XCBuildConfiguration;
			buildSettings = {
				ALWAYS_SEARCH_USER_PATHS = NO;
				CLANG_ANALYZER_NONNULL = YES;
				CLANG_CXX_LANGUAGE_STANDARD = "gnu++0x";
				CLANG_CXX_LIBRARY = "libc++";
				CLANG_ENABLE_MODULES = YES;
				CLANG_ENABLE_OBJC_ARC = YES;
				CLANG_WARN_BOOL_CONVERSION = YES;
				CLANG_WARN_CONSTANT_CONVERSION = YES;
				CLANG_WARN_DIRECT_OBJC_ISA_USAGE = YES_ERROR;
				CLANG_WARN_EMPTY_BODY = YES;
				CLANG_WARN_ENUM_CONVERSION = YES;
				CLANG_WARN_INT_CONVERSION = YES;
				CLANG_WARN_OBJC_ROOT_CLASS = YES_ERROR;
				CLANG_WARN_UNREACHABLE_CODE = YES;
				CLANG_WARN__DUPLICATE_METHOD_MATCH = YES;
				"CODE_SIGN_IDENTITY[sdk=iphoneos*]" = "iPhone Developer";
				COPY_PHASE_STRIP = NO;
				DEBUG_INFORMATION_FORMAT = dwarf;
				ENABLE_STRICT_OBJC_MSGSEND = YES;
				ENABLE_TESTABILITY = YES;
				GCC_C_LANGUAGE_STANDARD = gnu99;
				GCC_DYNAMIC_NO_PIC = NO;
				GCC_NO_COMMON_BLOCKS = YES;
				GCC_OPTIMIZATION_LEVEL = 0;
				GCC_PREPROCESSOR_DEFINITIONS = (
					"DEBUG=1",
					"$(inherited)",
				);
				GCC_WARN_64_TO_32_BIT_CONVERSION = YES;
				GCC_WARN_ABOUT_RETURN_TYPE = YES_ERROR;
				GCC_WARN_UNDECLARED_SELECTOR = YES;
				GCC_WARN_UNINITIALIZED_AUTOS = YES_AGGRESSIVE;
				GCC_WARN_UNUSED_FUNCTION = YES;
				GCC_WARN_UNUSED_VARIABLE = YES;
				IPHONEOS_DEPLOYMENT_TARGET = 7.0;
				MTL_ENABLE_DEBUG_INFO = YES;
				ONLY_ACTIVE_ARCH = YES;
				SDKROOT = iphoneos;
			};
			name = Debug;
		};
		26F162A71D017E5000F8DE61 /* Release */ = {
			isa = XCBuildConfiguration;
			buildSettings = {
				ALWAYS_SEARCH_USER_PATHS = NO;
				CLANG_ANALYZER_NONNULL = YES;
				CLANG_CXX_LANGUAGE_STANDARD = "gnu++0x";
				CLANG_CXX_LIBRARY = "libc++";
				CLANG_ENABLE_MODULES = YES;
				CLANG_ENABLE_OBJC_ARC = YES;
				CLANG_WARN_BOOL_CONVERSION = YES;
				CLANG_WARN_CONSTANT_CONVERSION = YES;
				CLANG_WARN_DIRECT_OBJC_ISA_USAGE = YES_ERROR;
				CLANG_WARN_EMPTY_BODY = YES;
				CLANG_WARN_ENUM_CONVERSION = YES;
				CLANG_WARN_INT_CONVERSION = YES;
				CLANG_WARN_OBJC_ROOT_CLASS = YES_ERROR;
				CLANG_WARN_UNREACHABLE_CODE = YES;
				CLANG_WARN__DUPLICATE_METHOD_MATCH = YES;
				"CODE_SIGN_IDENTITY[sdk=iphoneos*]" = "iPhone Developer";
				COPY_PHASE_STRIP = NO;
				DEBUG_INFORMATION_FORMAT = "dwarf-with-dsym";
				ENABLE_NS_ASSERTIONS = NO;
				ENABLE_STRICT_OBJC_MSGSEND = YES;
				GCC_C_LANGUAGE_STANDARD = gnu99;
				GCC_NO_COMMON_BLOCKS = YES;
				GCC_WARN_64_TO_32_BIT_CONVERSION = YES;
				GCC_WARN_ABOUT_RETURN_TYPE = YES_ERROR;
				GCC_WARN_UNDECLARED_SELECTOR = YES;
				GCC_WARN_UNINITIALIZED_AUTOS = YES_AGGRESSIVE;
				GCC_WARN_UNUSED_FUNCTION = YES;
				GCC_WARN_UNUSED_VARIABLE = YES;
				IPHONEOS_DEPLOYMENT_TARGET = 7.0;
				MTL_ENABLE_DEBUG_INFO = NO;
				SDKROOT = iphoneos;
				VALIDATE_PRODUCT = YES;
			};
			name = Release;
		};
		26F162A91D017E5000F8DE61 /* Debug */ = {
			isa = XCBuildConfiguration;
			buildSettings = {
				ASSETCATALOG_COMPILER_APPICON_NAME = AppIcon;
				INFOPLIST_FILE = Demo/Info.plist;
				IPHONEOS_DEPLOYMENT_TARGET = 7.0;
				LD_RUNPATH_SEARCH_PATHS = "$(inherited) @executable_path/Frameworks";
				PRODUCT_BUNDLE_IDENTIFIER = WangChongyang.Demo;
				PRODUCT_NAME = "$(TARGET_NAME)";
			};
			name = Debug;
		};
		26F162AA1D017E5000F8DE61 /* Release */ = {
			isa = XCBuildConfiguration;
			buildSettings = {
				ASSETCATALOG_COMPILER_APPICON_NAME = AppIcon;
				INFOPLIST_FILE = Demo/Info.plist;
				IPHONEOS_DEPLOYMENT_TARGET = 7.0;
				LD_RUNPATH_SEARCH_PATHS = "$(inherited) @executable_path/Frameworks";
				PRODUCT_BUNDLE_IDENTIFIER = WangChongyang.Demo;
				PRODUCT_NAME = "$(TARGET_NAME)";
			};
			name = Release;
		};
		26F162AC1D017E5000F8DE61 /* Debug */ = {
			isa = XCBuildConfiguration;
			buildSettings = {
				BUNDLE_LOADER = "$(TEST_HOST)";
				INFOPLIST_FILE = DemoTests/Info.plist;
				LD_RUNPATH_SEARCH_PATHS = "$(inherited) @executable_path/Frameworks @loader_path/Frameworks";
				PRODUCT_BUNDLE_IDENTIFIER = WangChongyang.DemoTests;
				PRODUCT_NAME = "$(TARGET_NAME)";
				TEST_HOST = "$(BUILT_PRODUCTS_DIR)/Demo.app/Demo";
			};
			name = Debug;
		};
		26F162AD1D017E5000F8DE61 /* Release */ = {
			isa = XCBuildConfiguration;
			buildSettings = {
				BUNDLE_LOADER = "$(TEST_HOST)";
				INFOPLIST_FILE = DemoTests/Info.plist;
				LD_RUNPATH_SEARCH_PATHS = "$(inherited) @executable_path/Frameworks @loader_path/Frameworks";
				PRODUCT_BUNDLE_IDENTIFIER = WangChongyang.DemoTests;
				PRODUCT_NAME = "$(TARGET_NAME)";
				TEST_HOST = "$(BUILT_PRODUCTS_DIR)/Demo.app/Demo";
			};
			name = Release;
		};
		26F162AF1D017E5000F8DE61 /* Debug */ = {
			isa = XCBuildConfiguration;
			buildSettings = {
				INFOPLIST_FILE = DemoUITests/Info.plist;
				LD_RUNPATH_SEARCH_PATHS = "$(inherited) @executable_path/Frameworks @loader_path/Frameworks";
				PRODUCT_BUNDLE_IDENTIFIER = WangChongyang.DemoUITests;
				PRODUCT_NAME = "$(TARGET_NAME)";
				TEST_TARGET_NAME = Demo;
			};
			name = Debug;
		};
		26F162B01D017E5000F8DE61 /* Release */ = {
			isa = XCBuildConfiguration;
			buildSettings = {
				INFOPLIST_FILE = DemoUITests/Info.plist;
				LD_RUNPATH_SEARCH_PATHS = "$(inherited) @executable_path/Frameworks @loader_path/Frameworks";
				PRODUCT_BUNDLE_IDENTIFIER = WangChongyang.DemoUITests;
				PRODUCT_NAME = "$(TARGET_NAME)";
				TEST_TARGET_NAME = Demo;
			};
			name = Release;
		};
/* End XCBuildConfiguration section */

/* Begin XCConfigurationList section */
		26F162761D017E5000F8DE61 /* Build configuration list for PBXProject "Demo" */ = {
			isa = XCConfigurationList;
			buildConfigurations = (
				26F162A61D017E5000F8DE61 /* Debug */,
				26F162A71D017E5000F8DE61 /* Release */,
			);
			defaultConfigurationIsVisible = 0;
			defaultConfigurationName = Release;
		};
		26F162A81D017E5000F8DE61 /* Build configuration list for PBXNativeTarget "Demo" */ = {
			isa = XCConfigurationList;
			buildConfigurations = (
				26F162A91D017E5000F8DE61 /* Debug */,
				26F162AA1D017E5000F8DE61 /* Release */,
			);
			defaultConfigurationIsVisible = 0;
			defaultConfigurationName = Release;
		};
		26F162AB1D017E5000F8DE61 /* Build configuration list for PBXNativeTarget "DemoTests" */ = {
			isa = XCConfigurationList;
			buildConfigurations = (
				26F162AC1D017E5000F8DE61 /* Debug */,
				26F162AD1D017E5000F8DE61 /* Release */,
			);
			defaultConfigurationIsVisible = 0;
			defaultConfigurationName = Release;
		};
		26F162AE1D017E5000F8DE61 /* Build configuration list for PBXNativeTarget "DemoUITests" */ = {
			isa = XCConfigurationList;
			buildConfigurations = (
				26F162AF1D017E5000F8DE61 /* Debug */,
				26F162B01D017E5000F8DE61 /* Release */,
			);
			defaultConfigurationIsVisible = 0;
			defaultConfigurationName = Release;
		};
/* End XCConfigurationList section */
	};
	rootObject = 26F162731D017E5000F8DE61 /* Project object */;
}
